github.com/golang/go v0.0.0-20220305212016-45f45444b307/go.mod h1:VnTjtYw+XLkxokOYpCb9NBW3cOTFO8+uqxF7o10XJQk=
github.com/python/devguide v0.0.0-20220330110138-61321312d35b h1:ZEer6oSJp69QnBDshgoYP0SVbuYtL5qtI5AtkHuPU+k=
github.com/python/devguide v0.0.0-20220330110138-61321312d35b/go.mod h1:BsHASqBuAOoygvfRxAZo4tcMYTESBNowCRUziGbYGpw=
github.com/rust-lang/rust v0.0.0-20220306152621-a64180f67f14/go.mod h1:3UxfsJoh4G70RSlhXISM7IJzJfTdrs63XFM47nyODZQ=
